# @generated by Move, please check-in and do not edit manually.

[move]
version = 3
manifest_digest = "9C6FD1F4FFDAF6610401C20F77201DB5CDD9A786B847DDF9BA591EFB0B8F7756"
deps_digest = "F8BBB0CCB2491CA29A3DF03D6F92277A4F3574266507ACD77214D37ECA3F3082"
dependencies = [
  { id = "Sui", name = "Sui" },
]

[[move.package]]
id = "MoveStdlib"
source = { git = "https://github.com/MystenLabs/sui.git", rev = "framework/testnet", subdir = "crates/sui-framework/packages/move-stdlib" }

[[move.package]]
id = "Sui"
source = { git = "https://github.com/MystenLabs/sui.git", rev = "framework/testnet", subdir = "crates/sui-framework/packages/sui-framework" }

dependencies = [
  { id = "MoveStdlib", name = "MoveStdlib" },
]

[move.toolchain-version]
compiler-version = "1.58.1"
edition = "2024.beta"
flavor = "sui"

[env]

[env.testnet]
chain-id = "4c78adac"
original-published-id = "0x62d5d773ee18880e3ec80a8f6beaee30e1cd961cbbf4c712959ce63f9893fd88"
latest-published-id = "0x62d5d773ee18880e3ec80a8f6beaee30e1cd961cbbf4c712959ce63f9893fd88"
published-version = "1"
